NeoBundleLock AnsiEsc.vim d2bb7878622e4c16203acf1c92a0f4bc7ac58003
NeoBundleLock JSON.vim 3c602d4b5dac674d7f1fd8da56e834ff8f1cc9c7
NeoBundleLock JavaScript-syntax e24f4aa35f7d8c18cef41bc4cc76f52db5327f80
NeoBundleLock Lucius 7ed02d3e4a8f2cfeda03ac67cf6879098cbc068a
NeoBundleLock Zenburn 33e67af2418e4775c2a7abc6e8fef401e697e1eb
NeoBundleLock angular-vim-snippets 1503f6b4c82e5cb0d10633c18f0761c516859edb
NeoBundleLock emmet-vim 52f3af7ca8bc6a9988fcd80c7189591330fbcadd
NeoBundleLock html5.vim 9bfa00bdb3fdca07c490b527e5e6ec6c4b017d3b
NeoBundleLock jellybeans.vim e0b9ef9ff42b91133d7da5d36d2c264994cc3cdd
NeoBundleLock jscomplete-vim d3af71c06a07f1285f3a6f82b032f3c8fb9744eb
NeoBundleLock jshint.vim 68a9a7c0fea24ddbbd9beecab1fa68f9bf3d7dc2
NeoBundleLock lightline.vim 430ce2cb063b39a0c7950cafd617e333acb6759a
NeoBundleLock mrkn256.vim 2b70ac8cf87e1919f7cfda3b0daa964661c47265
NeoBundleLock mustang-vim 6533d7d21bf27cae94d9c2caa575f627f003dfd5
NeoBundleLock neobundle.vim 30c40ccbfc6371fb922eece6e0657eb5da9e479b
NeoBundleLock neocomplete.vim 14698b37d10b8ae18a4850aa784fdd3130e4ba3e
NeoBundleLock nerdtree d280b15ba9388ab93f3401b26877a13fdb8ed816
NeoBundleLock nyan-modoki.vim 383c58321508bb486a063a24153da9359281a544
NeoBundleLock open-browser.vim e2bfabfc758351ee3087d4c697d1953660d943ee
NeoBundleLock previm b5dba0837b464063284a8a97e7b9e5e378db545c
NeoBundleLock rails.vim 616eb6892c7fa30f1862803bf6109deb0d4e7507
NeoBundleLock rsense 2952a54972cf927d5419085d1867b65ff7ab0d41
NeoBundleLock tcomment_vim a21d1ec9721a71e6beed0da3ddd682d6a2db9f31
NeoBundleLock tern_for_vim a9bad13fd37f5627bbaeca06da3e1915258e55f5
NeoBundleLock unite-outline 984fe3e42b9997a45537f330c93a0af7db07f40a
NeoBundleLock unite-rails 1509884b919f0669e07cd73eb86118dd916c3af7
NeoBundleLock unite-rake 8050686ff413450d6b70bcff75781e9814c64420
NeoBundleLock unite.vim e1e58473ef7b8636ccc267987e21646bd7b61af6
NeoBundleLock vim-angular 89f2ad6923c356f37b45d9f515092f13cde04e45
NeoBundleLock vim-angular-coffee da423a8791221ff7694ec396e050401b7a16e48e
NeoBundleLock vim-auto-save 1685175183d160879ebcf231cd4c96b1b8a5a5c9
NeoBundleLock vim-autoclose a9a3b7384657bc1f60a963fd6c08c63fc48d61c3
NeoBundleLock vim-bracketed-paste 765e757dbcd05bc9d33debc3e9cab8bda9dabdbf
NeoBundleLock vim-coffee-script 32fe889b8cafd3a4921ef8e6485156453ff58c42
NeoBundleLock vim-coloresque 0c21b1469993e610600e88e734ffe90b9c10a514
NeoBundleLock vim-colors-solarized 528a59f26d12278698bb946f8fb82a63711eec21
NeoBundleLock vim-colors-wombat fb44c8db8563946de191b1856e3cfffe0cdb622d
NeoBundleLock vim-css3-syntax 04cdd2207b9446bdb7ca266d709573439dddabb1
NeoBundleLock vim-easy-align 0cb6b98fc155717b0a56c110551ac57d1d951ddb
NeoBundleLock vim-endwise 0067ceda37725d01b7bd5bf249d63b1b5d4e2ab4
NeoBundleLock vim-es6 11fb0610c5224c3766db7d525db6a7ace722bbd6
NeoBundleLock vim-fugitive 3439f999b138254e4bb56187fc91f91f545b4b12
NeoBundleLock vim-gitgutter c8fa0b33496464de1da9047f9e21a05ba4ce98f2
NeoBundleLock vim-hybrid cc58baabeabc7b83768e25b852bf89c34756bf90
NeoBundleLock vim-javascript c04d09988c5b50ec8736d6f082a21669523635ab
NeoBundleLock vim-javascript-syntax 9e019fccd738ba73713268a327ac3765646a4edd
NeoBundleLock vim-jsdoc 527810065b2b9e3255ce8e2de315074834734f93
NeoBundleLock vim-jsx d0ad98cf0e5a01abd5008c0e97775500b88b0bc1
NeoBundleLock vim-markdown a3169545f330ec8080244c3ad755bb2211eca8a0
NeoBundleLock vim-multiple-cursors 51d0717f63cc231f11b4b63ee5b611f589dce1b3
NeoBundleLock vim-node 13b31218447335e176d46dd5f497b274f7f49595
NeoBundleLock vim-node-dict ab2ff11075b14c617cbb04d47fd375d65c26e84d
NeoBundleLock vim-nodejs-complete 1e2f98f4366c6dec27fa8df72971fa9fa33e9f07
NeoBundleLock vim-pyte a1071f30656b26645b69f59e1e05257829a39620
NeoBundleLock vim-rails 3341728c4ec8be2b9c16f0e4d54005da771c8902
NeoBundleLock vim-railscasts-theme 826e17cc7a7fdc1aef16b9ddfaf271b51fc2e0a8
NeoBundleLock vim-ref 007b0ac409100cf2b83eb7dace5c8235e3737fef
NeoBundleLock vim-ref-ri e3a2dbb71af73bf15c9c2134cc3630edc60331eb
NeoBundleLock vim-ruby 97bc93301057b4ea27ae93c6d5c9749f77ca702b
NeoBundleLock vim-slim 1942fe27147ddcc9b1d7196ca2ac4217fe545014
NeoBundleLock vim-surround e49d6c2459e0f5569ff2d533b4df995dd7f98313
NeoBundleLock vim-tags e75dea76e488d9208ed73c53c46a4abee2695115
NeoBundleLock vim-trailing-whitespace 733fb64337b6da4a51c85a43450cd620d8b617b5
NeoBundleLock vimfiler 7216090936e16e1c3449d60d384de6a4858df533
NeoBundleLock vimproc.vim c2f6b82af60a4e7acde0e8dc4e6b6f5dc1cc8e1d
NeoBundleLock vimshell.vim d36fde6da558d4cad7a1d03a07fd5e1fcf299141
NeoBundleLock webapi-vim ca89bd5867e76b154d4eca325b5a9ad6509fccc5
NeoBundleLock yajs.vim 803d047526fea6676660bd7f903441247d7c9ba0
NeoBundleLock yaml.vim 7df61101e7aadaac7f4301f1e05d65dbc430d420
